// !$*UTF8*$!
{
	archiveVersion = 1;
	classes = {
	};
	objectVersion = 50;
	objects = {

/* Begin PBXBuildFile section */
		D45C0679247F7EDA006C9061 /* CustomCameraDefaultVC.swift in Sources */ = {isa = PBXBuildFile; fileRef = D45C0678247F7EDA006C9061 /* CustomCameraDefaultVC.swift */; };
		D45C067B247F7F13006C9061 /* CustomCameraSceneKitVC.swift in Sources */ = {isa = PBXBuildFile; fileRef = D45C067A247F7F13006C9061 /* CustomCameraSceneKitVC.swift */; };
		D45C067D247F8DD4006C9061 /* Extension.swift in Sources */ = {isa = PBXBuildFile; fileRef = D45C067C247F8DD4006C9061 /* Extension.swift */; };
		D4E9626C247E83FD00376F08 /* AppDelegate.swift in Sources */ = {isa = PBXBuildFile; fileRef = D4E9626B247E83FD00376F08 /* AppDelegate.swift */; };
		D4E9626E247E83FD00376F08 /* SceneDelegate.swift in Sources */ = {isa = PBXBuildFile; fileRef = D4E9626D247E83FD00376F08 /* SceneDelegate.swift */; };
		D4E96273247E83FD00376F08 /* Main.storyboard in Resources */ = {isa = PBXBuildFile; fileRef = D4E96271247E83FD00376F08 /* Main.storyboard */; };
		D4E96275247E840300376F08 /* Assets.xcassets in Resources */ = {isa = PBXBuildFile; fileRef = D4E96274247E840300376F08 /* Assets.xcassets */; };
		D4E96278247E840300376F08 /* LaunchScreen.storyboard in Resources */ = {isa = PBXBuildFile; fileRef = D4E96276247E840300376F08 /* LaunchScreen.storyboard */; };
/* End PBXBuildFile section */

/* Begin PBXFileReference section */
		D45C0678247F7EDA006C9061 /* CustomCameraDefaultVC.swift */ = {isa = PBXFileReference; lastKnownFileType = sourcecode.swift; path = CustomCameraDefaultVC.swift; sourceTree = "<group>"; };
		D45C067A247F7F13006C9061 /* CustomCameraSceneKitVC.swift */ = {isa = PBXFileReference; lastKnownFileType = sourcecode.swift; path = CustomCameraSceneKitVC.swift; sourceTree = "<group>"; };
		D45C067C247F8DD4006C9061 /* Extension.swift */ = {isa = PBXFileReference; lastKnownFileType = sourcecode.swift; path = Extension.swift; sourceTree = "<group>"; };
		D4E96268247E83FD00376F08 /* Custom Camera View.app */ = {isa = PBXFileReference; explicitFileType = wrapper.application; includeInIndex = 0; path = "Custom Camera View.app"; sourceTree = BUILT_PRODUCTS_DIR; };
		D4E9626B247E83FD00376F08 /* AppDelegate.swift */ = {isa = PBXFileReference; lastKnownFileType = sourcecode.swift; path = AppDelegate.swift; sourceTree = "<group>"; };
		D4E9626D247E83FD00376F08 /* SceneDelegate.swift */ = {isa = PBXFileReference; lastKnownFileType = sourcecode.swift; path = SceneDelegate.swift; sourceTree = "<group>"; };
		D4E96272247E83FD00376F08 /* Base */ = {isa = PBXFileReference; lastKnownFileType = file.storyboard; name = Base; path = Base.lproj/Main.storyboard; sourceTree = "<group>"; };
		D4E96274247E840300376F08 /* Assets.xcassets */ = {isa = PBXFileReference; lastKnownFileType = folder.assetcatalog; path = Assets.xcassets; sourceTree = "<group>"; };
		D4E96277247E840300376F08 /* Base */ = {isa = PBXFileReference; lastKnownFileType = file.storyboard; name = Base; path = Base.lproj/LaunchScreen.storyboard; sourceTree = "<group>"; };
		D4E96279247E840300376F08 /* Info.plist */ = {isa = PBXFileReference; lastKnownFileType = text.plist.xml; path = Info.plist; sourceTree = "<group>"; };
/* End PBXFileReference section */

/* Begin PBXFrameworksBuildPhase section */
		D4E96265247E83FD00376F08 /* Frameworks */ = {
			isa = PBXFrameworksBuildPhase;
			buildActionMask = 2147483647;
			files = (
			);
			runOnlyForDeploymentPostprocessing = 0;
		};
/* End PBXFrameworksBuildPhase section */

/* Begin PBXGroup section */
		D4E9625F247E83FD00376F08 = {
			isa = PBXGroup;
			children = (
				D4E9626A247E83FD00376F08 /* Custom Camera View */,
				D4E96269247E83FD00376F08 /* Products */,
			);
			sourceTree = "<group>";
		};
		D4E96269247E83FD00376F08 /* Products */ = {
			isa = PBXGroup;
			children = (
				D4E96268247E83FD00376F08 /* Custom Camera View.app */,
			);
			name = Products;
			sourceTree = "<group>";
		};
		D4E9626A247E83FD00376F08 /* Custom Camera View */ = {
			isa = PBXGroup;
			children = (
				D4E9626B247E83FD00376F08 /* AppDelegate.swift */,
				D4E9626D247E83FD00376F08 /* SceneDelegate.swift */,
				D45C067C247F8DD4006C9061 /* Extension.swift */,
				D45C0678247F7EDA006C9061 /* CustomCameraDefaultVC.swift */,
				D45C067A247F7F13006C9061 /* CustomCameraSceneKitVC.swift */,
				D4E96271247E83FD00376F08 /* Main.storyboard */,
				D4E96274247E840300376F08 /* Assets.xcassets */,
				D4E96276247E840300376F08 /* LaunchScreen.storyboard */,
				D4E96279247E840300376F08 /* Info.plist */,
			);
			path = "Custom Camera View";
			sourceTree = "<group>";
		};
/* End PBXGroup section */

/* Begin PBXNativeTarget section */
		D4E96267247E83FD00376F08 /* Custom Camera View */ = {
			isa = PBXNativeTarget;
			buildConfigurationList = D4E9627C247E840300376F08 /* Build configuration list for PBXNativeTarget "Custom Camera View" */;
			buildPhases = (
				D4E96264247E83FD00376F08 /* Sources */,
				D4E96265247E83FD00376F08 /* Frameworks */,
				D4E96266247E83FD00376F08 /* Resources */,
			);
			buildRules = (
			);
			dependencies = (
			);
			name = "Custom Camera View";
			productName = "Custom Camera View";
			productReference = D4E96268247E83FD00376F08 /* Custom Camera View.app */;
			productType = "com.apple.product-type.application";
		};
/* End PBXNativeTarget section */

/* Begin PBXProject section */
		D4E96260247E83FD00376F08 /* Project object */ = {
			isa = PBXProject;
			attributes = {
				LastSwiftUpdateCheck = 1130;
				LastUpgradeCheck = 1130;
				ORGANIZATIONNAME = "Pawan Kumar";
				TargetAttributes = {
					D4E96267247E83FD00376F08 = {
						CreatedOnToolsVersion = 11.3;
					};
				};
			};
			buildConfigurationList = D4E96263247E83FD00376F08 /* Build configuration list for PBXProject "Custom Camera View" */;
			compatibilityVersion = "Xcode 9.3";
			developmentRegion = en;
			hasScannedForEncodings = 0;
			knownRegions = (
				en,
				Base,
			);
			mainGroup = D4E9625F247E83FD00376F08;
			productRefGroup = D4E96269247E83FD00376F08 /* Products */;
			projectDirPath = "";
			projectRoot = "";
			targets = (
				D4E96267247E83FD00376F08 /* Custom Camera View */,
			);
		};
/* End PBXProject section */

/* Begin PBXResourcesBuildPhase section */
		D4E96266247E83FD00376F08 /* Resources */ = {
			isa = PBXResourcesBuildPhase;
			buildActionMask = 2147483647;
			files = (
				D4E96278247E840300376F08 /* LaunchScreen.storyboard in Resources */,
				D4E96275247E840300376F08 /* Assets.xcassets in Resources */,
				D4E96273247E83FD00376F08 /* Main.storyboard in Resources */,
			);
			runOnlyForDeploymentPostprocessing = 0;
		};
/* End PBXResourcesBuildPhase section */

/* Begin PBXSourcesBuildPhase section */
		D4E96264247E83FD00376F08 /* Sources */ = {
			isa = PBXSourcesBuildPhase;
			buildActionMask = 2147483647;
			files = (
				D45C067B247F7F13006C9061 /* CustomCameraSceneKitVC.swift in Sources */,
				D45C0679247F7EDA006C9061 /* CustomCameraDefaultVC.swift in Sources */,
				D45C067D247F8DD4006C9061 /* Extension.swift in Sources */,
				D4E9626C247E83FD00376F08 /* AppDelegate.swift in Sources */,
				D4E9626E247E83FD00376F08 /* SceneDelegate.swift in Sources */,
			);
			runOnlyForDeploymentPostprocessing = 0;
		};
/* End PBXSourcesBuildPhase section */

/* Begin PBXVariantGroup section */
		D4E96271247E83FD00376F08 /* Main.storyboard */ = {
			isa = PBXVariantGroup;
			children = (
				D4E96272247E83FD00376F08 /* Base */,
			);
			name = Main.storyboard;
			sourceTree = "<group>";
		};
		D4E96276247E840300376F08 /* LaunchScreen.storyboard */ = {
			isa = PBXVariantGroup;
			children = (
				D4E96277247E840300376F08 /* Base */,
			);
			name = LaunchScreen.storyboard;
			sourceTree = "<group>";
		};
/* End PBXVariantGroup section */

/* Begin XCBuildConfiguration section */
		D4E9627A247E840300376F08 /* Debug */ = {
			isa = XCBuildConfiguration;
			buildSettings = {
				ALWAYS_SEARCH_USER_PATHS = NO;
				CLANG_ANALYZER_NONNULL = YES;
				CLANG_ANALYZER_NUMBER_OBJECT_CONVERSION = YES_AGGRESSIVE;
				CLANG_CXX_LANGUAGE_STANDARD = "gnu++14";
				CLANG_CXX_LIBRARY = "libc++";
				CLANG_ENABLE_MODULES = YES;
				CLANG_ENABLE_OBJC_ARC = YES;
				CLANG_ENABLE_OBJC_WEAK = YES;
				CLANG_WARN_BLOCK_CAPTURE_AUTORELEASING = YES;
				CLANG_WARN_BOOL_CONVERSION = YES;
				CLANG_WARN_COMMA = YES;
				CLANG_WARN_CONSTANT_CONVERSION = YES;
				CLANG_WARN_DEPRECATED_OBJC_IMPLEMENTATIONS = YES;
				CLANG_WARN_DIRECT_OBJC_ISA_USAGE = YES_ERROR;
				CLANG_WARN_DOCUMENTATION_COMMENTS = YES;
				CLANG_WARN_EMPTY_BODY = YES;
				CLANG_WARN_ENUM_CONVERSION = YES;
				CLANG_WARN_INFINITE_RECURSION = YES;
				CLANG_WARN_INT_CONVERSION = YES;
				CLANG_WARN_NON_LITERAL_NULL_CONVERSION = YES;
				CLANG_WARN_OBJC_IMPLICIT_RETAIN_SELF = YES;
				CLANG_WARN_OBJC_LITERAL_CONVERSION = YES;
				CLANG_WARN_OBJC_ROOT_CLASS = YES_ERROR;
				CLANG_WARN_RANGE_LOOP_ANALYSIS = YES;
				CLANG_WARN_STRICT_PROTOTYPES = YES;
				CLANG_WARN_SUSPICIOUS_MOVE = YES;
				CLANG_WARN_UNGUARDED_AVAILABILITY = YES_AGGRESSIVE;
				CLANG_WARN_UNREACHABLE_CODE = YES;
				CLANG_WARN__DUPLICATE_METHOD_MATCH = YES;
				COPY_PHASE_STRIP = NO;
				DEBUG_INFORMATION_FORMAT = dwarf;
				ENABLE_STRICT_OBJC_MSGSEND = YES;
				ENABLE_TESTABILITY = YES;
				GCC_C_LANGUAGE_STANDARD = gnu11;
				GCC_DYNAMIC_NO_PIC = NO;
				GCC_NO_COMMON_BLOCKS = YES;
				GCC_OPTIMIZATION_LEVEL = 0;
				GCC_PREPROCESSOR_DEFINITIONS = (
					"DEBUG=1",
					"$(inherited)",
				);
				GCC_WARN_64_TO_32_BIT_CONVERSION = YES;
				GCC_WARN_ABOUT_RETURN_TYPE = YES_ERROR;
				GCC_WARN_UNDECLARED_SELECTOR = YES;
				GCC_WARN_UNINITIALIZED_AUTOS = YES_AGGRESSIVE;
				GCC_WARN_UNUSED_FUNCTION = YES;
				GCC_WARN_UNUSED_VARIABLE = YES;
				IPHONEOS_DEPLOYMENT_TARGET = 12.0;
				MTL_ENABLE_DEBUG_INFO = INCLUDE_SOURCE;
				MTL_FAST_MATH = YES;
				ONLY_ACTIVE_ARCH = YES;
				SDKROOT = iphoneos;
				SWIFT_ACTIVE_COMPILATION_CONDITIONS = DEBUG;
				SWIFT_OPTIMIZATION_LEVEL = "-Onone";
			};
			name = Debug;
		};
		D4E9627B247E840300376F08 /* Release */ = {
			isa = XCBuildConfiguration;
			buildSettings = {
				ALWAYS_SEARCH_USER_PATHS = NO;
				CLANG_ANALYZER_NONNULL = YES;
				CLANG_ANALYZER_NUMBER_OBJECT_CONVERSION = YES_AGGRESSIVE;
				CLANG_CXX_LANGUAGE_STANDARD = "gnu++14";
				CLANG_CXX_LIBRARY = "libc++";
				CLANG_ENABLE_MODULES = YES;
				CLANG_ENABLE_OBJC_ARC = YES;
				CLANG_ENABLE_OBJC_WEAK = YES;
				CLANG_WARN_BLOCK_CAPTURE_AUTORELEASING = YES;
				CLANG_WARN_BOOL_CONVERSION = YES;
				CLANG_WARN_COMMA = YES;
				CLANG_WARN_CONSTANT_CONVERSION = YES;
				CLANG_WARN_DEPRECATED_OBJC_IMPLEMENTATIONS = YES;
				CLANG_WARN_DIRECT_OBJC_ISA_USAGE = YES_ERROR;
				CLANG_WARN_DOCUMENTATION_COMMENTS = YES;
				CLANG_WARN_EMPTY_BODY = YES;
				CLANG_WARN_ENUM_CONVERSION = YES;
				CLANG_WARN_INFINITE_RECURSION = YES;
				CLANG_WARN_INT_CONVERSION = YES;
				CLANG_WARN_NON_LITERAL_NULL_CONVERSION = YES;
				CLANG_WARN_OBJC_IMPLICIT_RETAIN_SELF = YES;
				CLANG_WARN_OBJC_LITERAL_CONVERSION = YES;
				CLANG_WARN_OBJC_ROOT_CLASS = YES_ERROR;
				CLANG_WARN_RANGE_LOOP_ANALYSIS = YES;
				CLANG_WARN_STRICT_PROTOTYPES = YES;
				CLANG_WARN_SUSPICIOUS_MOVE = YES;
				CLANG_WARN_UNGUARDED_AVAILABILITY = YES_AGGRESSIVE;
				CLANG_WARN_UNREACHABLE_CODE = YES;
				CLANG_WARN__DUPLICATE_METHOD_MATCH = YES;
				COPY_PHASE_STRIP = NO;
				DEBUG_INFORMATION_FORMAT = "dwarf-with-dsym";
				ENABLE_NS_ASSERTIONS = NO;
				ENABLE_STRICT_OBJC_MSGSEND = YES;
				GCC_C_LANGUAGE_STANDARD = gnu11;
				GCC_NO_COMMON_BLOCKS = YES;
				GCC_WARN_64_TO_32_BIT_CONVERSION = YES;
				GCC_WARN_ABOUT_RETURN_TYPE = YES_ERROR;
				GCC_WARN_UNDECLARED_SELECTOR = YES;
				GCC_WARN_UNINITIALIZED_AUTOS = YES_AGGRESSIVE;
				GCC_WARN_UNUSED_FUNCTION = YES;
				GCC_WARN_UNUSED_VARIABLE = YES;
				IPHONEOS_DEPLOYMENT_TARGET = 12.0;
				MTL_ENABLE_DEBUG_INFO = NO;
				MTL_FAST_MATH = YES;
				SDKROOT = iphoneos;
				SWIFT_COMPILATION_MODE = wholemodule;
				SWIFT_OPTIMIZATION_LEVEL = "-O";
				VALIDATE_PRODUCT = YES;
			};
			name = Release;
		};
		D4E9627D247E840300376F08 /* Debug */ = {
			isa = XCBuildConfiguration;
			buildSettings = {
				ASSETCATALOG_COMPILER_APPICON_NAME = AppIcon;
				CODE_SIGN_STYLE = Automatic;
				DEVELOPMENT_TEAM = 72NX38Y9GF;
				INFOPLIST_FILE = "Custom Camera View/Info.plist";
				IPHONEOS_DEPLOYMENT_TARGET = 12.0;
				LD_RUNPATH_SEARCH_PATHS = (
					"$(inherited)",
					"@executable_path/Frameworks",
				);
				PRODUCT_BUNDLE_IDENTIFIER = "com.pk.poc.Custom-Camera-View";
				PRODUCT_NAME = "$(TARGET_NAME)";
				SWIFT_VERSION = 5.0;
				TARGETED_DEVICE_FAMILY = "1,2";
			};
			name = Debug;
		};
		D4E9627E247E840300376F08 /* Release */ = {
			isa = XCBuildConfiguration;
			buildSettings = {
				ASSETCATALOG_COMPILER_APPICON_NAME = AppIcon;
				CODE_SIGN_STYLE = Automatic;
				DEVELOPMENT_TEAM = 72NX38Y9GF;
				INFOPLIST_FILE = "Custom Camera View/Info.plist";
				IPHONEOS_DEPLOYMENT_TARGET = 12.0;
				LD_RUNPATH_SEARCH_PATHS = (
					"$(inherited)",
					"@executable_path/Frameworks",
				);
				PRODUCT_BUNDLE_IDENTIFIER = "com.pk.poc.Custom-Camera-View";
				PRODUCT_NAME = "$(TARGET_NAME)";
				SWIFT_VERSION = 5.0;
				TARGETED_DEVICE_FAMILY = "1,2";
			};
			name = Release;
		};
/* End XCBuildConfiguration section */

/* Begin XCConfigurationList section */
		D4E96263247E83FD00376F08 /* Build configuration list for PBXProject "Custom Camera View" */ = {
			isa = XCConfigurationList;
			buildConfigurations = (
				D4E9627A247E840300376F08 /* Debug */,
				D4E9627B247E840300376F08 /* Release */,
			);
			defaultConfigurationIsVisible = 0;
			defaultConfigurationName = Release;
		};
		D4E9627C247E840300376F08 /* Build configuration list for PBXNativeTarget "Custom Camera View" */ = {
			isa = XCConfigurationList;
			buildConfigurations = (
				D4E9627D247E840300376F08 /* Debug */,
				D4E9627E247E840300376F08 /* Release */,
			);
			defaultConfigurationIsVisible = 0;
			defaultConfigurationName = Release;
		};
/* End XCConfigurationList section */
	};
	rootObject = D4E96260247E83FD00376F08 /* Project object */;
}
